// !$*UTF8*$!
{
	archiveVersion = 1;
	classes = {
	};
	objectVersion = 48;
	objects = {

/* Begin PBXBuildFile section */
		72960B472063400A00D71650 /* AppDelegate.swift in Sources */ = {isa = PBXBuildFile; fileRef = 72960B462063400A00D71650 /* AppDelegate.swift */; };
		72960B492063400A00D71650 /* ViewController.swift in Sources */ = {isa = PBXBuildFile; fileRef = 72960B482063400A00D71650 /* ViewController.swift */; };
		72960B4C2063400A00D71650 /* Main.storyboard in Resources */ = {isa = PBXBuildFile; fileRef = 72960B4A2063400A00D71650 /* Main.storyboard */; };
		72960B4E2063400A00D71650 /* Assets.xcassets in Resources */ = {isa = PBXBuildFile; fileRef = 72960B4D2063400A00D71650 /* Assets.xcassets */; };
		72960B512063400A00D71650 /* LaunchScreen.storyboard in Resources */ = {isa = PBXBuildFile; fileRef = 72960B4F2063400A00D71650 /* LaunchScreen.storyboard */; };
		72960B592063403300D71650 /* shakeable.swift in Sources */ = {isa = PBXBuildFile; fileRef = 72960B582063403300D71650 /* shakeable.swift */; };
/* End PBXBuildFile section */

/* Begin PBXFileReference section */
		72960B432063400A00D71650 /* Shakeable.app */ = {isa = PBXFileReference; explicitFileType = wrapper.application; includeInIndex = 0; path = Shakeable.app; sourceTree = BUILT_PRODUCTS_DIR; };
		72960B462063400A00D71650 /* AppDelegate.swift */ = {isa = PBXFileReference; lastKnownFileType = sourcecode.swift; path = AppDelegate.swift; sourceTree = "<group>"; };
		72960B482063400A00D71650 /* ViewController.swift */ = {isa = PBXFileReference; lastKnownFileType = sourcecode.swift; path = ViewController.swift; sourceTree = "<group>"; };
		72960B4B2063400A00D71650 /* Base */ = {isa = PBXFileReference; lastKnownFileType = file.storyboard; name = Base; path = Base.lproj/Main.storyboard; sourceTree = "<group>"; };
		72960B4D2063400A00D71650 /* Assets.xcassets */ = {isa = PBXFileReference; lastKnownFileType = folder.assetcatalog; path = Assets.xcassets; sourceTree = "<group>"; };
		72960B502063400A00D71650 /* Base */ = {isa = PBXFileReference; lastKnownFileType = file.storyboard; name = Base; path = Base.lproj/LaunchScreen.storyboard; sourceTree = "<group>"; };
		72960B522063400A00D71650 /* Info.plist */ = {isa = PBXFileReference; lastKnownFileType = text.plist.xml; path = Info.plist; sourceTree = "<group>"; };
		72960B582063403300D71650 /* shakeable.swift */ = {isa = PBXFileReference; lastKnownFileType = sourcecode.swift; path = shakeable.swift; sourceTree = "<group>"; };
/* End PBXFileReference section */

/* Begin PBXFrameworksBuildPhase section */
		72960B402063400A00D71650 /* Frameworks */ = {
			isa = PBXFrameworksBuildPhase;
			buildActionMask = 2147483647;
			files = (
			);
			runOnlyForDeploymentPostprocessing = 0;
		};
/* End PBXFrameworksBuildPhase section */

/* Begin PBXGroup section */
		72960B3A2063400A00D71650 = {
			isa = PBXGroup;
			children = (
				72960B452063400A00D71650 /* Shakeable */,
				72960B442063400A00D71650 /* Products */,
			);
			sourceTree = "<group>";
		};
		72960B442063400A00D71650 /* Products */ = {
			isa = PBXGroup;
			children = (
				72960B432063400A00D71650 /* Shakeable.app */,
			);
			name = Products;
			sourceTree = "<group>";
		};
		72960B452063400A00D71650 /* Shakeable */ = {
			isa = PBXGroup;
			children = (
				72960B582063403300D71650 /* shakeable.swift */,
				72960B462063400A00D71650 /* AppDelegate.swift */,
				72960B482063400A00D71650 /* ViewController.swift */,
				72960B4A2063400A00D71650 /* Main.storyboard */,
				72960B4D2063400A00D71650 /* Assets.xcassets */,
				72960B4F2063400A00D71650 /* LaunchScreen.storyboard */,
				72960B522063400A00D71650 /* Info.plist */,
			);
			path = Shakeable;
			sourceTree = "<group>";
		};
/* End PBXGroup section */

/* Begin PBXNativeTarget section */
		72960B422063400A00D71650 /* Shakeable */ = {
			isa = PBXNativeTarget;
			buildConfigurationList = 72960B552063400A00D71650 /* Build configuration list for PBXNativeTarget "Shakeable" */;
			buildPhases = (
				72960B3F2063400A00D71650 /* Sources */,
				72960B402063400A00D71650 /* Frameworks */,
				72960B412063400A00D71650 /* Resources */,
			);
			buildRules = (
			);
			dependencies = (
			);
			name = Shakeable;
			productName = Shakeable;
			productReference = 72960B432063400A00D71650 /* Shakeable.app */;
			productType = "com.apple.product-type.application";
		};
/* End PBXNativeTarget section */

/* Begin PBXProject section */
		72960B3B2063400A00D71650 /* Project object */ = {
			isa = PBXProject;
			attributes = {
				LastSwiftUpdateCheck = 0920;
				LastUpgradeCheck = 0920;
				ORGANIZATIONNAME = KaiChieh;
				TargetAttributes = {
					72960B422063400A00D71650 = {
						CreatedOnToolsVersion = 9.2;
						ProvisioningStyle = Automatic;
					};
				};
			};
			buildConfigurationList = 72960B3E2063400A00D71650 /* Build configuration list for PBXProject "Shakeable" */;
			compatibilityVersion = "Xcode 8.0";
			developmentRegion = en;
			hasScannedForEncodings = 0;
			knownRegions = (
				en,
				Base,
			);
			mainGroup = 72960B3A2063400A00D71650;
			productRefGroup = 72960B442063400A00D71650 /* Products */;
			projectDirPath = "";
			projectRoot = "";
			targets = (
				72960B422063400A00D71650 /* Shakeable */,
			);
		};
/* End PBXProject section */

/* Begin PBXResourcesBuildPhase section */
		72960B412063400A00D71650 /* Resources */ = {
			isa = PBXResourcesBuildPhase;
			buildActionMask = 2147483647;
			files = (
				72960B512063400A00D71650 /* LaunchScreen.storyboard in Resources */,
				72960B4E2063400A00D71650 /* Assets.xcassets in Resources */,
				72960B4C2063400A00D71650 /* Main.storyboard in Resources */,
			);
			runOnlyForDeploymentPostprocessing = 0;
		};
/* End PBXResourcesBuildPhase section */

/* Begin PBXSourcesBuildPhase section */
		72960B3F2063400A00D71650 /* Sources */ = {
			isa = PBXSourcesBuildPhase;
			buildActionMask = 2147483647;
			files = (
				72960B492063400A00D71650 /* ViewController.swift in Sources */,
				72960B592063403300D71650 /* shakeable.swift in Sources */,
				72960B472063400A00D71650 /* AppDelegate.swift in Sources */,
			);
			runOnlyForDeploymentPostprocessing = 0;
		};
/* End PBXSourcesBuildPhase section */

/* Begin PBXVariantGroup section */
		72960B4A2063400A00D71650 /* Main.storyboard */ = {
			isa = PBXVariantGroup;
			children = (
				72960B4B2063400A00D71650 /* Base */,
			);
			name = Main.storyboard;
			sourceTree = "<group>";
		};
		72960B4F2063400A00D71650 /* LaunchScreen.storyboard */ = {
			isa = PBXVariantGroup;
			children = (
				72960B502063400A00D71650 /* Base */,
			);
			name = LaunchScreen.storyboard;
			sourceTree = "<group>";
		};
/* End PBXVariantGroup section */

/* Begin XCBuildConfiguration section */
		72960B532063400A00D71650 /* Debug */ = {
			isa = XCBuildConfiguration;
			buildSettings = {
				ALWAYS_SEARCH_USER_PATHS = NO;
				CLANG_ANALYZER_NONNULL = YES;
				CLANG_ANALYZER_NUMBER_OBJECT_CONVERSION = YES_AGGRESSIVE;
				CLANG_CXX_LANGUAGE_STANDARD = "gnu++14";
				CLANG_CXX_LIBRARY = "libc++";
				CLANG_ENABLE_MODULES = YES;
				CLANG_ENABLE_OBJC_ARC = YES;
				CLANG_WARN_BLOCK_CAPTURE_AUTORELEASING = YES;
				CLANG_WARN_BOOL_CONVERSION = YES;
				CLANG_WARN_COMMA = YES;
				CLANG_WARN_CONSTANT_CONVERSION = YES;
				CLANG_WARN_DIRECT_OBJC_ISA_USAGE = YES_ERROR;
				CLANG_WARN_DOCUMENTATION_COMMENTS = YES;
				CLANG_WARN_EMPTY_BODY = YES;
				CLANG_WARN_ENUM_CONVERSION = YES;
				CLANG_WARN_INFINITE_RECURSION = YES;
				CLANG_WARN_INT_CONVERSION = YES;
				CLANG_WARN_NON_LITERAL_NULL_CONVERSION = YES;
				CLANG_WARN_OBJC_LITERAL_CONVERSION = YES;
				CLANG_WARN_OBJC_ROOT_CLASS = YES_ERROR;
				CLANG_WARN_RANGE_LOOP_ANALYSIS = YES;
				CLANG_WARN_STRICT_PROTOTYPES = YES;
				CLANG_WARN_SUSPICIOUS_MOVE = YES;
				CLANG_WARN_UNGUARDED_AVAILABILITY = YES_AGGRESSIVE;
				CLANG_WARN_UNREACHABLE_CODE = YES;
				CLANG_WARN__DUPLICATE_METHOD_MATCH = YES;
				CODE_SIGN_IDENTITY = "iPhone Developer";
				COPY_PHASE_STRIP = NO;
				DEBUG_INFORMATION_FORMAT = dwarf;
				ENABLE_STRICT_OBJC_MSGSEND = YES;
				ENABLE_TESTABILITY = YES;
				GCC_C_LANGUAGE_STANDARD = gnu11;
				GCC_DYNAMIC_NO_PIC = NO;
				GCC_NO_COMMON_BLOCKS = YES;
				GCC_OPTIMIZATION_LEVEL = 0;
				GCC_PREPROCESSOR_DEFINITIONS = (
					"DEBUG=1",
					"$(inherited)",
				);
				GCC_WARN_64_TO_32_BIT_CONVERSION = YES;
				GCC_WARN_ABOUT_RETURN_TYPE = YES_ERROR;
				GCC_WARN_UNDECLARED_SELECTOR = YES;
				GCC_WARN_UNINITIALIZED_AUTOS = YES_AGGRESSIVE;
				GCC_WARN_UNUSED_FUNCTION = YES;
				GCC_WARN_UNUSED_VARIABLE = YES;
				IPHONEOS_DEPLOYMENT_TARGET = 11.2;
				MTL_ENABLE_DEBUG_INFO = YES;
				ONLY_ACTIVE_ARCH = YES;
				SDKROOT = iphoneos;
				SWIFT_ACTIVE_COMPILATION_CONDITIONS = DEBUG;
				SWIFT_OPTIMIZATION_LEVEL = "-Onone";
			};
			name = Debug;
		};
		72960B542063400A00D71650 /* Release */ = {
			isa = XCBuildConfiguration;
			buildSettings = {
				ALWAYS_SEARCH_USER_PATHS = NO;
				CLANG_ANALYZER_NONNULL = YES;
				CLANG_ANALYZER_NUMBER_OBJECT_CONVERSION = YES_AGGRESSIVE;
				CLANG_CXX_LANGUAGE_STANDARD = "gnu++14";
				CLANG_CXX_LIBRARY = "libc++";
				CLANG_ENABLE_MODULES = YES;
				CLANG_ENABLE_OBJC_ARC = YES;
				CLANG_WARN_BLOCK_CAPTURE_AUTORELEASING = YES;
				CLANG_WARN_BOOL_CONVERSION = YES;
				CLANG_WARN_COMMA = YES;
				CLANG_WARN_CONSTANT_CONVERSION = YES;
				CLANG_WARN_DIRECT_OBJC_ISA_USAGE = YES_ERROR;
				CLANG_WARN_DOCUMENTATION_COMMENTS = YES;
				CLANG_WARN_EMPTY_BODY = YES;
				CLANG_WARN_ENUM_CONVERSION = YES;
				CLANG_WARN_INFINITE_RECURSION = YES;
				CLANG_WARN_INT_CONVERSION = YES;
				CLANG_WARN_NON_LITERAL_NULL_CONVERSION = YES;
				CLANG_WARN_OBJC_LITERAL_CONVERSION = YES;
				CLANG_WARN_OBJC_ROOT_CLASS = YES_ERROR;
				CLANG_WARN_RANGE_LOOP_ANALYSIS = YES;
				CLANG_WARN_STRICT_PROTOTYPES = YES;
				CLANG_WARN_SUSPICIOUS_MOVE = YES;
				CLANG_WARN_UNGUARDED_AVAILABILITY = YES_AGGRESSIVE;
				CLANG_WARN_UNREACHABLE_CODE = YES;
				CLANG_WARN__DUPLICATE_METHOD_MATCH = YES;
				CODE_SIGN_IDENTITY = "iPhone Developer";
				COPY_PHASE_STRIP = NO;
				DEBUG_INFORMATION_FORMAT = "dwarf-with-dsym";
				ENABLE_NS_ASSERTIONS = NO;
				ENABLE_STRICT_OBJC_MSGSEND = YES;
				GCC_C_LANGUAGE_STANDARD = gnu11;
				GCC_NO_COMMON_BLOCKS = YES;
				GCC_WARN_64_TO_32_BIT_CONVERSION = YES;
				GCC_WARN_ABOUT_RETURN_TYPE = YES_ERROR;
				GCC_WARN_UNDECLARED_SELECTOR = YES;
				GCC_WARN_UNINITIALIZED_AUTOS = YES_AGGRESSIVE;
				GCC_WARN_UNUSED_FUNCTION = YES;
				GCC_WARN_UNUSED_VARIABLE = YES;
				IPHONEOS_DEPLOYMENT_TARGET = 11.2;
				MTL_ENABLE_DEBUG_INFO = NO;
				SDKROOT = iphoneos;
				SWIFT_OPTIMIZATION_LEVEL = "-Owholemodule";
				VALIDATE_PRODUCT = YES;
			};
			name = Release;
		};
		72960B562063400A00D71650 /* Debug */ = {
			isa = XCBuildConfiguration;
			buildSettings = {
				ASSETCATALOG_COMPILER_APPICON_NAME = AppIcon;
				CODE_SIGN_STYLE = Automatic;
				INFOPLIST_FILE = Shakeable/Info.plist;
				LD_RUNPATH_SEARCH_PATHS = "$(inherited) @executable_path/Frameworks";
				PRODUCT_BUNDLE_IDENTIFIER = tw.com.yvtc.HKC.Shakeable;
				PRODUCT_NAME = "$(TARGET_NAME)";
				SWIFT_VERSION = 4.0;
				TARGETED_DEVICE_FAMILY = "1,2";
			};
			name = Debug;
		};
		72960B572063400A00D71650 /* Release */ = {
			isa = XCBuildConfiguration;
			buildSettings = {
				ASSETCATALOG_COMPILER_APPICON_NAME = AppIcon;
				CODE_SIGN_STYLE = Automatic;
				INFOPLIST_FILE = Shakeable/Info.plist;
				LD_RUNPATH_SEARCH_PATHS = "$(inherited) @executable_path/Frameworks";
				PRODUCT_BUNDLE_IDENTIFIER = tw.com.yvtc.HKC.Shakeable;
				PRODUCT_NAME = "$(TARGET_NAME)";
				SWIFT_VERSION = 4.0;
				TARGETED_DEVICE_FAMILY = "1,2";
			};
			name = Release;
		};
/* End XCBuildConfiguration section */

/* Begin XCConfigurationList section */
		72960B3E2063400A00D71650 /* Build configuration list for PBXProject "Shakeable" */ = {
			isa = XCConfigurationList;
			buildConfigurations = (
				72960B532063400A00D71650 /* Debug */,
				72960B542063400A00D71650 /* Release */,
			);
			defaultConfigurationIsVisible = 0;
			defaultConfigurationName = Release;
		};
		72960B552063400A00D71650 /* Build configuration list for PBXNativeTarget "Shakeable" */ = {
			isa = XCConfigurationList;
			buildConfigurations = (
				72960B562063400A00D71650 /* Debug */,
				72960B572063400A00D71650 /* Release */,
			);
			defaultConfigurationIsVisible = 0;
			defaultConfigurationName = Release;
		};
/* End XCConfigurationList section */
	};
	rootObject = 72960B3B2063400A00D71650 /* Project object */;
}
